
Microsoft Visual Studio Solution File, Format Version 12.00
# Visual Studio Version 17
VisualStudioVersion = 17.13.35913.81
MinimumVisualStudioVersion = 10.0.40219.1
Project("{FAE04EC0-301F-11D3-BF4B-00C04F79EFBC}") = "voyagoo", "voyaggo\voyagoo.csproj", "{AB024E43-0326-4B76-B772-3D429CBBCF92}"
EndProject
Project("{FAE04EC0-301F-11D3-BF4B-00C04F79EFBC}") = "MyShapeClass", "ClassLibrary1\MyShapeClass.csproj", "{2742E6C9-F852-4D09-BE3B-B2B4FEB69D60}"
EndProject
Global
	GlobalSection(SolutionConfigurationPlatforms) = preSolution
		Debug|Any CPU = Debug|Any CPU
		Release|Any CPU = Release|Any CPU
	EndGlobalSection
	GlobalSection(ProjectConfigurationPlatforms) = postSolution
		{AB024E43-0326-4B76-B772-3D429CBBCF92}.Debug|Any CPU.ActiveCfg = Debug|Any CPU
		{AB024E43-0326-4B76-B772-3D429CBBCF92}.Debug|Any CPU.Build.0 = Debug|Any CPU
		{AB024E43-0326-4B76-B772-3D429CBBCF92}.Release|Any CPU.ActiveCfg = Release|Any CPU
		{AB024E43-0326-4B76-B772-3D429CBBCF92}.Release|Any CPU.Build.0 = Release|Any CPU
		{2742E6C9-F852-4D09-BE3B-B2B4FEB69D60}.Debug|Any CPU.ActiveCfg = Debug|Any CPU
		{2742E6C9-F852-4D09-BE3B-B2B4FEB69D60}.Debug|Any CPU.Build.0 = Debug|Any CPU
		{2742E6C9-F852-4D09-BE3B-B2B4FEB69D60}.Release|Any CPU.ActiveCfg = Release|Any CPU
		{2742E6C9-F852-4D09-BE3B-B2B4FEB69D60}.Release|Any CPU.Build.0 = Release|Any CPU
	EndGlobalSection
	GlobalSection(SolutionProperties) = preSolution
		HideSolutionNode = FALSE
	EndGlobalSection
	GlobalSection(ExtensibilityGlobals) = postSolution
		SolutionGuid = {E78C2589-033E-470D-8330-785528ABBCFB}
	EndGlobalSection
EndGlobal
